<?xml version="1.0" encoding="UTF-8"?>
<!DOCTYPE plist PUBLIC "-//Apple//DTD PLIST 1.0//EN" "http://www.apple.com/DTDs/PropertyList-1.0.dtd">
<plist version="1.0">
<dict>
	<key>archiveVersion</key>
	<string>1</string>
	<key>classes</key>
	<dict/>
	<key>objectVersion</key>
	<string>46</string>
	<key>objects</key>
	<dict>
		<key>00AEEE7019931CBC00D9A741</key>
		<dict>
			<key>children</key>
			<array>
				<string>00AEEECD199320FB00D9A741</string>
				<string>00AEEECE199320FB00D9A741</string>
				<string>00AEEECF199320FB00D9A741</string>
				<string>00AEEE7B19931CBC00D9A741</string>
				<string>00AEEED01993214900D9A741</string>
				<string>00AEEE7A19931CBC00D9A741</string>
				<string>79F134A9B641450AA23AD5B8</string>
				<string>7CFD8EDFC88846F8ACCED3C1</string>
			</array>
			<key>isa</key>
			<string>PBXGroup</string>
			<key>sourceTree</key>
			<string>&lt;group&gt;</string>
		</dict>
		<key>00AEEE7119931CBC00D9A741</key>
		<dict>
			<key>attributes</key>
			<dict>
				<key>LastUpgradeCheck</key>
				<string>0600</string>
				<key>ORGANIZATIONNAME</key>
				<string>Gabriel Handford</string>
				<key>TargetAttributes</key>
				<dict>
					<key>00AEEE7819931CBC00D9A741</key>
					<dict>
						<key>CreatedOnToolsVersion</key>
						<string>6.0</string>
					</dict>
				</dict>
			</dict>
			<key>buildConfigurationList</key>
			<string>00AEEE7419931CBC00D9A741</string>
			<key>compatibilityVersion</key>
			<string>Xcode 3.2</string>
			<key>developmentRegion</key>
			<string>English</string>
			<key>hasScannedForEncodings</key>
			<string>0</string>
			<key>isa</key>
			<string>PBXProject</string>
			<key>knownRegions</key>
			<array>
				<string>en</string>
			</array>
			<key>mainGroup</key>
			<string>00AEEE7019931CBC00D9A741</string>
			<key>productRefGroup</key>
			<string>00AEEE7A19931CBC00D9A741</string>
			<key>projectDirPath</key>
			<string></string>
			<key>projectReferences</key>
			<array/>
			<key>projectRoot</key>
			<string></string>
			<key>targets</key>
			<array>
				<string>00AEEE7819931CBC00D9A741</string>
				<string>3F8D234A06ED458286F13080</string>
			</array>
		</dict>
		<key>00AEEE7419931CBC00D9A741</key>
		<dict>
			<key>buildConfigurations</key>
			<array>
				<string>00AEEE8819931CBC00D9A741</string>
				<string>00AEEE8919931CBC00D9A741</string>
			</array>
			<key>defaultConfigurationIsVisible</key>
			<string>0</string>
			<key>defaultConfigurationName</key>
			<string>Release</string>
			<key>isa</key>
			<string>XCConfigurationList</string>
		</dict>
		<key>00AEEE7519931CBC00D9A741</key>
		<dict>
			<key>buildActionMask</key>
			<string>2147483647</string>
			<key>files</key>
			<array>
				<string>00AEEECC19931D4B00D9A741</string>
				<string>00AEEEF5199324B500D9A741</string>
				<string>00AEEEBF19931D4B00D9A741</string>
				<string>00AEEEC519931D4B00D9A741</string>
				<string>00AEEEBC19931D4B00D9A741</string>
				<string>00AEEEC119931D4B00D9A741</string>
				<string>00AEEEBB19931D4B00D9A741</string>
				<string>00AEEEC419931D4B00D9A741</string>
				<string>00AEEEBD19931D4B00D9A741</string>
				<string>00AEEEBA19931D4B00D9A741</string>
				<string>00AEEEC819931D4B00D9A741</string>
				<string>00AEEEF8199324DA00D9A741</string>
				<string>00AEEEC019931D4B00D9A741</string>
				<string>00AEEECA19931D4B00D9A741</string>
				<string>00AEEEDA1993214900D9A741</string>
				<string>00AEEEC919931D4B00D9A741</string>
				<string>00AEEEBE19931D4B00D9A741</string>
				<string>00AEEED91993214900D9A741</string>
			</array>
			<key>isa</key>
			<string>PBXSourcesBuildPhase</string>
			<key>runOnlyForDeploymentPostprocessing</key>
			<string>0</string>
		</dict>
		<key>00AEEE7619931CBC00D9A741</key>
		<dict>
			<key>buildActionMask</key>
			<string>2147483647</string>
			<key>files</key>
			<array/>
			<key>isa</key>
			<string>PBXFrameworksBuildPhase</string>
			<key>runOnlyForDeploymentPostprocessing</key>
			<string>0</string>
		</dict>
		<key>00AEEE7719931CBC00D9A741</key>
		<dict>
			<key>buildActionMask</key>
			<string>2147483647</string>
			<key>dstPath</key>
			<string>include/$(PRODUCT_NAME)</string>
			<key>dstSubfolderSpec</key>
			<string>16</string>
			<key>files</key>
			<array>
				<string>00AEEE7D19931CBC00D9A741</string>
			</array>
			<key>isa</key>
			<string>PBXCopyFilesBuildPhase</string>
			<key>runOnlyForDeploymentPostprocessing</key>
			<string>0</string>
		</dict>
		<key>00AEEE7819931CBC00D9A741</key>
		<dict>
			<key>buildConfigurationList</key>
			<string>00AEEE8A19931CBC00D9A741</string>
			<key>buildPhases</key>
			<array>
				<string>00AEEE7519931CBC00D9A741</string>
				<string>00AEEE7619931CBC00D9A741</string>
				<string>00AEEE7719931CBC00D9A741</string>
			</array>
			<key>buildRules</key>
			<array/>
			<key>dependencies</key>
			<array/>
			<key>isa</key>
			<string>PBXNativeTarget</string>
			<key>name</key>
			<string>GRUnit</string>
			<key>productName</key>
			<string>GRUnit</string>
			<key>productReference</key>
			<string>00AEEE7919931CBC00D9A741</string>
			<key>productType</key>
			<string>com.apple.product-type.library.static</string>
		</dict>
		<key>00AEEE7919931CBC00D9A741</key>
		<dict>
			<key>explicitFileType</key>
			<string>archive.ar</string>
			<key>includeInIndex</key>
			<string>0</string>
			<key>isa</key>
			<string>PBXFileReference</string>
			<key>path</key>
			<string>libGRUnit.a</string>
			<key>sourceTree</key>
			<string>BUILT_PRODUCTS_DIR</string>
		</dict>
		<key>00AEEE7A19931CBC00D9A741</key>
		<dict>
			<key>children</key>
			<array>
				<string>00AEEE7919931CBC00D9A741</string>
				<string>9C17B671E89F4CE59E2D5FF7</string>
			</array>
			<key>isa</key>
			<string>PBXGroup</string>
			<key>name</key>
			<string>Products</string>
			<key>sourceTree</key>
			<string>&lt;group&gt;</string>
		</dict>
		<key>00AEEE7B19931CBC00D9A741</key>
		<dict>
			<key>children</key>
			<array>
				<string>00AEEE7C19931CBC00D9A741</string>
				<string>00AEEE9019931D4B00D9A741</string>
				<string>00AEEE9F19931D4B00D9A741</string>
				<string>00AEEEA019931D4B00D9A741</string>
				<string>00AEEEA119931D4B00D9A741</string>
				<string>00AEEEA219931D4B00D9A741</string>
				<string>00AEEEB719931D4B00D9A741</string>
			</array>
			<key>isa</key>
			<string>PBXGroup</string>
			<key>path</key>
			<string>GRUnit</string>
			<key>sourceTree</key>
			<string>&lt;group&gt;</string>
		</dict>
		<key>00AEEE7C19931CBC00D9A741</key>
		<dict>
			<key>isa</key>
			<string>PBXFileReference</string>
			<key>lastKnownFileType</key>
			<string>sourcecode.c.h</string>
			<key>path</key>
			<string>GRUnit.h</string>
			<key>sourceTree</key>
			<string>&lt;group&gt;</string>
		</dict>
		<key>00AEEE7D19931CBC00D9A741</key>
		<dict>
			<key>fileRef</key>
			<string>00AEEE7C19931CBC00D9A741</string>
			<key>isa</key>
			<string>PBXBuildFile</string>
		</dict>
		<key>00AEEE8819931CBC00D9A741</key>
		<dict>
			<key>buildSettings</key>
			<dict>
				<key>ALWAYS_SEARCH_USER_PATHS</key>
				<string>NO</string>
				<key>CLANG_CXX_LANGUAGE_STANDARD</key>
				<string>gnu++0x</string>
				<key>CLANG_CXX_LIBRARY</key>
				<string>libc++</string>
				<key>CLANG_ENABLE_MODULES</key>
				<string>YES</string>
				<key>CLANG_ENABLE_OBJC_ARC</key>
				<string>YES</string>
				<key>CLANG_WARN_BOOL_CONVERSION</key>
				<string>YES</string>
				<key>CLANG_WARN_CONSTANT_CONVERSION</key>
				<string>YES</string>
				<key>CLANG_WARN_DIRECT_OBJC_ISA_USAGE</key>
				<string>YES_ERROR</string>
				<key>CLANG_WARN_EMPTY_BODY</key>
				<string>YES</string>
				<key>CLANG_WARN_ENUM_CONVERSION</key>
				<string>YES</string>
				<key>CLANG_WARN_INT_CONVERSION</key>
				<string>YES</string>
				<key>CLANG_WARN_OBJC_ROOT_CLASS</key>
				<string>YES_ERROR</string>
				<key>CLANG_WARN_UNREACHABLE_CODE</key>
				<string>YES</string>
				<key>CLANG_WARN__DUPLICATE_METHOD_MATCH</key>
				<string>YES</string>
				<key>COPY_PHASE_STRIP</key>
				<string>NO</string>
				<key>ENABLE_STRICT_OBJC_MSGSEND</key>
				<string>YES</string>
				<key>GCC_C_LANGUAGE_STANDARD</key>
				<string>gnu99</string>
				<key>GCC_DYNAMIC_NO_PIC</key>
				<string>NO</string>
				<key>GCC_OPTIMIZATION_LEVEL</key>
				<string>0</string>
				<key>GCC_PREPROCESSOR_DEFINITIONS</key>
				<array>
					<string>DEBUG=1</string>
					<string>$(inherited)</string>
				</array>
				<key>GCC_SYMBOLS_PRIVATE_EXTERN</key>
				<string>NO</string>
				<key>GCC_WARN_64_TO_32_BIT_CONVERSION</key>
				<string>YES</string>
				<key>GCC_WARN_ABOUT_RETURN_TYPE</key>
				<string>YES_ERROR</string>
				<key>GCC_WARN_UNDECLARED_SELECTOR</key>
				<string>YES</string>
				<key>GCC_WARN_UNINITIALIZED_AUTOS</key>
				<string>YES_AGGRESSIVE</string>
				<key>GCC_WARN_UNUSED_FUNCTION</key>
				<string>YES</string>
				<key>GCC_WARN_UNUSED_VARIABLE</key>
				<string>YES</string>
				<key>IPHONEOS_DEPLOYMENT_TARGET</key>
				<string>8.0</string>
				<key>MTL_ENABLE_DEBUG_INFO</key>
				<string>YES</string>
				<key>ONLY_ACTIVE_ARCH</key>
				<string>YES</string>
				<key>SDKROOT</key>
				<string>iphoneos</string>
			</dict>
			<key>isa</key>
			<string>XCBuildConfiguration</string>
			<key>name</key>
			<string>Debug</string>
		</dict>
		<key>00AEEE8919931CBC00D9A741</key>
		<dict>
			<key>buildSettings</key>
			<dict>
				<key>ALWAYS_SEARCH_USER_PATHS</key>
				<string>NO</string>
				<key>CLANG_CXX_LANGUAGE_STANDARD</key>
				<string>gnu++0x</string>
				<key>CLANG_CXX_LIBRARY</key>
				<string>libc++</string>
				<key>CLANG_ENABLE_MODULES</key>
				<string>YES</string>
				<key>CLANG_ENABLE_OBJC_ARC</key>
				<string>YES</string>
				<key>CLANG_WARN_BOOL_CONVERSION</key>
				<string>YES</string>
				<key>CLANG_WARN_CONSTANT_CONVERSION</key>
				<string>YES</string>
				<key>CLANG_WARN_DIRECT_OBJC_ISA_USAGE</key>
				<string>YES_ERROR</string>
				<key>CLANG_WARN_EMPTY_BODY</key>
				<string>YES</string>
				<key>CLANG_WARN_ENUM_CONVERSION</key>
				<string>YES</string>
				<key>CLANG_WARN_INT_CONVERSION</key>
				<string>YES</string>
				<key>CLANG_WARN_OBJC_ROOT_CLASS</key>
				<string>YES_ERROR</string>
				<key>CLANG_WARN_UNREACHABLE_CODE</key>
				<string>YES</string>
				<key>CLANG_WARN__DUPLICATE_METHOD_MATCH</key>
				<string>YES</string>
				<key>COPY_PHASE_STRIP</key>
				<string>YES</string>
				<key>ENABLE_NS_ASSERTIONS</key>
				<string>NO</string>
				<key>ENABLE_STRICT_OBJC_MSGSEND</key>
				<string>YES</string>
				<key>GCC_C_LANGUAGE_STANDARD</key>
				<string>gnu99</string>
				<key>GCC_WARN_64_TO_32_BIT_CONVERSION</key>
				<string>YES</string>
				<key>GCC_WARN_ABOUT_RETURN_TYPE</key>
				<string>YES_ERROR</string>
				<key>GCC_WARN_UNDECLARED_SELECTOR</key>
				<string>YES</string>
				<key>GCC_WARN_UNINITIALIZED_AUTOS</key>
				<string>YES_AGGRESSIVE</string>
				<key>GCC_WARN_UNUSED_FUNCTION</key>
				<string>YES</string>
				<key>GCC_WARN_UNUSED_VARIABLE</key>
				<string>YES</string>
				<key>IPHONEOS_DEPLOYMENT_TARGET</key>
				<string>8.0</string>
				<key>MTL_ENABLE_DEBUG_INFO</key>
				<string>NO</string>
				<key>SDKROOT</key>
				<string>iphoneos</string>
				<key>VALIDATE_PRODUCT</key>
				<string>YES</string>
			</dict>
			<key>isa</key>
			<string>XCBuildConfiguration</string>
			<key>name</key>
			<string>Release</string>
		</dict>
		<key>00AEEE8A19931CBC00D9A741</key>
		<dict>
			<key>buildConfigurations</key>
			<array>
				<string>00AEEE8B19931CBC00D9A741</string>
				<string>00AEEE8C19931CBC00D9A741</string>
			</array>
			<key>defaultConfigurationIsVisible</key>
			<string>0</string>
			<key>defaultConfigurationName</key>
			<string>Release</string>
			<key>isa</key>
			<string>XCConfigurationList</string>
		</dict>
		<key>00AEEE8B19931CBC00D9A741</key>
		<dict>
			<key>buildSettings</key>
			<dict>
				<key>OTHER_LDFLAGS</key>
				<string>-ObjC</string>
				<key>PRODUCT_NAME</key>
				<string>$(TARGET_NAME)</string>
				<key>SKIP_INSTALL</key>
				<string>YES</string>
			</dict>
			<key>isa</key>
			<string>XCBuildConfiguration</string>
			<key>name</key>
			<string>Debug</string>
		</dict>
		<key>00AEEE8C19931CBC00D9A741</key>
		<dict>
			<key>buildSettings</key>
			<dict>
				<key>OTHER_LDFLAGS</key>
				<string>-ObjC</string>
				<key>PRODUCT_NAME</key>
				<string>$(TARGET_NAME)</string>
				<key>SKIP_INSTALL</key>
				<string>YES</string>
			</dict>
			<key>isa</key>
			<string>XCBuildConfiguration</string>
			<key>name</key>
			<string>Release</string>
		</dict>
		<key>00AEEE9019931D4B00D9A741</key>
		<dict>
			<key>children</key>
			<array>
				<string>00AEEE9119931D4B00D9A741</string>
				<string>00AEEE9219931D4B00D9A741</string>
				<string>00AEEE9319931D4B00D9A741</string>
				<string>00AEEE9419931D4B00D9A741</string>
				<string>00AEEE9519931D4B00D9A741</string>
				<string>00AEEE9619931D4B00D9A741</string>
				<string>00AEEE9719931D4B00D9A741</string>
				<string>00AEEE9819931D4B00D9A741</string>
				<string>00AEEE9919931D4B00D9A741</string>
				<string>00AEEE9A19931D4B00D9A741</string>
				<string>00AEEE9B19931D4B00D9A741</string>
				<string>00AEEE9C19931D4B00D9A741</string>
				<string>00AEEE9D19931D4B00D9A741</string>
				<string>00AEEE9E19931D4B00D9A741</string>
			</array>
			<key>isa</key>
			<string>PBXGroup</string>
			<key>name</key>
			<string>GHTest</string>
			<key>path</key>
			<string>GRTest</string>
			<key>sourceTree</key>
			<string>&lt;group&gt;</string>
		</dict>
		<key>00AEEE9119931D4B00D9A741</key>
		<dict>
			<key>fileEncoding</key>
			<string>4</string>
			<key>isa</key>
			<string>PBXFileReference</string>
			<key>lastKnownFileType</key>
			<string>sourcecode.c.h</string>
			<key>path</key>
			<string>GRTest.h</string>
			<key>sourceTree</key>
			<string>&lt;group&gt;</string>
		</dict>
		<key>00AEEE9219931D4B00D9A741</key>
		<dict>
			<key>fileEncoding</key>
			<string>4</string>
			<key>isa</key>
			<string>PBXFileReference</string>
			<key>lastKnownFileType</key>
			<string>sourcecode.c.objc</string>
			<key>path</key>
			<string>GRTest.m</string>
			<key>sourceTree</key>
			<string>&lt;group&gt;</string>
		</dict>
		<key>00AEEE9319931D4B00D9A741</key>
		<dict>
			<key>fileEncoding</key>
			<string>4</string>
			<key>isa</key>
			<string>PBXFileReference</string>
			<key>lastKnownFileType</key>
			<string>sourcecode.c.h</string>
			<key>path</key>
			<string>GRTestGroup.h</string>
			<key>sourceTree</key>
			<string>&lt;group&gt;</string>
		</dict>
		<key>00AEEE9419931D4B00D9A741</key>
		<dict>
			<key>fileEncoding</key>
			<string>4</string>
			<key>isa</key>
			<string>PBXFileReference</string>
			<key>lastKnownFileType</key>
			<string>sourcecode.c.objc</string>
			<key>path</key>
			<string>GRTestGroup.m</string>
			<key>sourceTree</key>
			<string>&lt;group&gt;</string>
		</dict>
		<key>00AEEE9519931D4B00D9A741</key>
		<dict>
			<key>fileEncoding</key>
			<string>4</string>
			<key>isa</key>
			<string>PBXFileReference</string>
			<key>lastKnownFileType</key>
			<string>sourcecode.c.h</string>
			<key>path</key>
			<string>GRTesting.h</string>
			<key>sourceTree</key>
			<string>&lt;group&gt;</string>
		</dict>
		<key>00AEEE9619931D4B00D9A741</key>
		<dict>
			<key>fileEncoding</key>
			<string>4</string>
			<key>isa</key>
			<string>PBXFileReference</string>
			<key>lastKnownFileType</key>
			<string>sourcecode.c.objc</string>
			<key>path</key>
			<string>GRTesting.m</string>
			<key>sourceTree</key>
			<string>&lt;group&gt;</string>
		</dict>
		<key>00AEEE9719931D4B00D9A741</key>
		<dict>
			<key>fileEncoding</key>
			<string>4</string>
			<key>isa</key>
			<string>PBXFileReference</string>
			<key>lastKnownFileType</key>
			<string>sourcecode.c.h</string>
			<key>path</key>
			<string>GRTestRunner.h</string>
			<key>sourceTree</key>
			<string>&lt;group&gt;</string>
		</dict>
		<key>00AEEE9819931D4B00D9A741</key>
		<dict>
			<key>fileEncoding</key>
			<string>4</string>
			<key>isa</key>
			<string>PBXFileReference</string>
			<key>lastKnownFileType</key>
			<string>sourcecode.c.objc</string>
			<key>path</key>
			<string>GRTestRunner.m</string>
			<key>sourceTree</key>
			<string>&lt;group&gt;</string>
		</dict>
		<key>00AEEE9919931D4B00D9A741</key>
		<dict>
			<key>fileEncoding</key>
			<string>4</string>
			<key>isa</key>
			<string>PBXFileReference</string>
			<key>lastKnownFileType</key>
			<string>sourcecode.c.h</string>
			<key>path</key>
			<string>GRTestSuite.h</string>
			<key>sourceTree</key>
			<string>&lt;group&gt;</string>
		</dict>
		<key>00AEEE9A19931D4B00D9A741</key>
		<dict>
			<key>fileEncoding</key>
			<string>4</string>
			<key>isa</key>
			<string>PBXFileReference</string>
			<key>lastKnownFileType</key>
			<string>sourcecode.c.objc</string>
			<key>path</key>
			<string>GRTestSuite.m</string>
			<key>sourceTree</key>
			<string>&lt;group&gt;</string>
		</dict>
		<key>00AEEE9B19931D4B00D9A741</key>
		<dict>
			<key>fileEncoding</key>
			<string>4</string>
			<key>isa</key>
			<string>PBXFileReference</string>
			<key>lastKnownFileType</key>
			<string>sourcecode.c.h</string>
			<key>path</key>
			<string>NSException+GRTestFailureExceptions.h</string>
			<key>sourceTree</key>
			<string>&lt;group&gt;</string>
		</dict>
		<key>00AEEE9C19931D4B00D9A741</key>
		<dict>
			<key>fileEncoding</key>
			<string>4</string>
			<key>isa</key>
			<string>PBXFileReference</string>
			<key>lastKnownFileType</key>
			<string>sourcecode.c.objc</string>
			<key>path</key>
			<string>NSException+GRTestFailureExceptions.m</string>
			<key>sourceTree</key>
			<string>&lt;group&gt;</string>
		</dict>
		<key>00AEEE9D19931D4B00D9A741</key>
		<dict>
			<key>fileEncoding</key>
			<string>4</string>
			<key>isa</key>
			<string>PBXFileReference</string>
			<key>lastKnownFileType</key>
			<string>sourcecode.c.h</string>
			<key>path</key>
			<string>NSValue+GRValueFormatter.h</string>
			<key>sourceTree</key>
			<string>&lt;group&gt;</string>
		</dict>
		<key>00AEEE9E19931D4B00D9A741</key>
		<dict>
			<key>fileEncoding</key>
			<string>4</string>
			<key>isa</key>
			<string>PBXFileReference</string>
			<key>lastKnownFileType</key>
			<string>sourcecode.c.objc</string>
			<key>path</key>
			<string>NSValue+GRValueFormatter.m</string>
			<key>sourceTree</key>
			<string>&lt;group&gt;</string>
		</dict>
		<key>00AEEE9F19931D4B00D9A741</key>
		<dict>
			<key>fileEncoding</key>
			<string>4</string>
			<key>isa</key>
			<string>PBXFileReference</string>
			<key>lastKnownFileType</key>
			<string>sourcecode.c.h</string>
			<key>path</key>
			<string>GRTestCase.h</string>
			<key>sourceTree</key>
			<string>&lt;group&gt;</string>
		</dict>
		<key>00AEEEA019931D4B00D9A741</key>
		<dict>
			<key>fileEncoding</key>
			<string>4</string>
			<key>isa</key>
			<string>PBXFileReference</string>
			<key>lastKnownFileType</key>
			<string>sourcecode.c.objc</string>
			<key>path</key>
			<string>GRTestCase.m</string>
			<key>sourceTree</key>
			<string>&lt;group&gt;</string>
		</dict>
		<key>00AEEEA119931D4B00D9A741</key>
		<dict>
			<key>fileEncoding</key>
			<string>4</string>
			<key>isa</key>
			<string>PBXFileReference</string>
			<key>lastKnownFileType</key>
			<string>sourcecode.c.h</string>
			<key>path</key>
			<string>GRTestMacros.h</string>
			<key>sourceTree</key>
			<string>&lt;group&gt;</string>
		</dict>
		<key>00AEEEA219931D4B00D9A741</key>
		<dict>
			<key>children</key>
			<array>
				<string>00AEEEA719931D4B00D9A741</string>
				<string>00AEEEA819931D4B00D9A741</string>
				<string>00AEEEA919931D4B00D9A741</string>
				<string>00AEEEAA19931D4B00D9A741</string>
				<string>00AEEEF6199324DA00D9A741</string>
				<string>00AEEEF7199324DA00D9A741</string>
				<string>00AEEEF3199324B500D9A741</string>
				<string>00AEEEF4199324B500D9A741</string>
				<string>00AEEEAF19931D4B00D9A741</string>
				<string>00AEEEB019931D4B00D9A741</string>
				<string>00AEEEB119931D4B00D9A741</string>
				<string>00AEEEB219931D4B00D9A741</string>
				<string>00AEEEB319931D4B00D9A741</string>
				<string>00AEEEB419931D4B00D9A741</string>
			</array>
			<key>isa</key>
			<string>PBXGroup</string>
			<key>path</key>
			<string>iOS</string>
			<key>sourceTree</key>
			<string>&lt;group&gt;</string>
		</dict>
		<key>00AEEEA719931D4B00D9A741</key>
		<dict>
			<key>fileEncoding</key>
			<string>4</string>
			<key>isa</key>
			<string>PBXFileReference</string>
			<key>lastKnownFileType</key>
			<string>sourcecode.c.h</string>
			<key>path</key>
			<string>GRUnitIOSAppDelegate.h</string>
			<key>sourceTree</key>
			<string>&lt;group&gt;</string>
		</dict>
		<key>00AEEEA819931D4B00D9A741</key>
		<dict>
			<key>fileEncoding</key>
			<string>4</string>
			<key>isa</key>
			<string>PBXFileReference</string>
			<key>lastKnownFileType</key>
			<string>sourcecode.c.objc</string>
			<key>path</key>
			<string>GRUnitIOSAppDelegate.m</string>
			<key>sourceTree</key>
			<string>&lt;group&gt;</string>
		</dict>
		<key>00AEEEA919931D4B00D9A741</key>
		<dict>
			<key>fileEncoding</key>
			<string>4</string>
			<key>isa</key>
			<string>PBXFileReference</string>
			<key>lastKnownFileType</key>
			<string>sourcecode.c.h</string>
			<key>path</key>
			<string>GRUnitIOSTableViewDataSource.h</string>
			<key>sourceTree</key>
			<string>&lt;group&gt;</string>
		</dict>
		<key>00AEEEAA19931D4B00D9A741</key>
		<dict>
			<key>fileEncoding</key>
			<string>4</string>
			<key>isa</key>
			<string>PBXFileReference</string>
			<key>lastKnownFileType</key>
			<string>sourcecode.c.objc</string>
			<key>path</key>
			<string>GRUnitIOSTableViewDataSource.m</string>
			<key>sourceTree</key>
			<string>&lt;group&gt;</string>
		</dict>
		<key>00AEEEAF19931D4B00D9A741</key>
		<dict>
			<key>fileEncoding</key>
			<string>4</string>
			<key>isa</key>
			<string>PBXFileReference</string>
			<key>lastKnownFileType</key>
			<string>sourcecode.c.h</string>
			<key>path</key>
			<string>GRUnitIOSView.h</string>
			<key>sourceTree</key>
			<string>&lt;group&gt;</string>
		</dict>
		<key>00AEEEB019931D4B00D9A741</key>
		<dict>
			<key>fileEncoding</key>
			<string>4</string>
			<key>isa</key>
			<string>PBXFileReference</string>
			<key>lastKnownFileType</key>
			<string>sourcecode.c.objc</string>
			<key>path</key>
			<string>GRUnitIOSView.m</string>
			<key>sourceTree</key>
			<string>&lt;group&gt;</string>
		</dict>
		<key>00AEEEB119931D4B00D9A741</key>
		<dict>
			<key>fileEncoding</key>
			<string>4</string>
			<key>isa</key>
			<string>PBXFileReference</string>
			<key>lastKnownFileType</key>
			<string>sourcecode.c.h</string>
			<key>path</key>
			<string>GRUnitIOSViewController.h</string>
			<key>sourceTree</key>
			<string>&lt;group&gt;</string>
		</dict>
		<key>00AEEEB219931D4B00D9A741</key>
		<dict>
			<key>fileEncoding</key>
			<string>4</string>
			<key>isa</key>
			<string>PBXFileReference</string>
			<key>lastKnownFileType</key>
			<string>sourcecode.c.objc</string>
			<key>path</key>
			<string>GRUnitIOSViewController.m</string>
			<key>sourceTree</key>
			<string>&lt;group&gt;</string>
		</dict>
		<key>00AEEEB319931D4B00D9A741</key>
		<dict>
			<key>fileEncoding</key>
			<string>4</string>
			<key>isa</key>
			<string>PBXFileReference</string>
			<key>lastKnownFileType</key>
			<string>sourcecode.c.h</string>
			<key>path</key>
			<string>GRUnitIPhoneAppDelegate.h</string>
			<key>sourceTree</key>
			<string>&lt;group&gt;</string>
		</dict>
		<key>00AEEEB419931D4B00D9A741</key>
		<dict>
			<key>fileEncoding</key>
			<string>4</string>
			<key>isa</key>
			<string>PBXFileReference</string>
			<key>lastKnownFileType</key>
			<string>sourcecode.c.objc</string>
			<key>path</key>
			<string>GRUnitIPhoneAppDelegate.m</string>
			<key>sourceTree</key>
			<string>&lt;group&gt;</string>
		</dict>
		<key>00AEEEB719931D4B00D9A741</key>
		<dict>
			<key>children</key>
			<array>
				<string>00AEEEB819931D4B00D9A741</string>
				<string>00AEEEB919931D4B00D9A741</string>
			</array>
			<key>isa</key>
			<string>PBXGroup</string>
			<key>path</key>
			<string>SharedUI</string>
			<key>sourceTree</key>
			<string>&lt;group&gt;</string>
		</dict>
		<key>00AEEEB819931D4B00D9A741</key>
		<dict>
			<key>fileEncoding</key>
			<string>4</string>
			<key>isa</key>
			<string>PBXFileReference</string>
			<key>lastKnownFileType</key>
			<string>sourcecode.c.h</string>
			<key>path</key>
			<string>GRTestViewModel.h</string>
			<key>sourceTree</key>
			<string>&lt;group&gt;</string>
		</dict>
		<key>00AEEEB919931D4B00D9A741</key>
		<dict>
			<key>fileEncoding</key>
			<string>4</string>
			<key>isa</key>
			<string>PBXFileReference</string>
			<key>lastKnownFileType</key>
			<string>sourcecode.c.objc</string>
			<key>path</key>
			<string>GRTestViewModel.m</string>
			<key>sourceTree</key>
			<string>&lt;group&gt;</string>
		</dict>
		<key>00AEEEBA19931D4B00D9A741</key>
		<dict>
			<key>fileRef</key>
			<string>00AEEE9219931D4B00D9A741</string>
			<key>isa</key>
			<string>PBXBuildFile</string>
		</dict>
		<key>00AEEEBB19931D4B00D9A741</key>
		<dict>
			<key>fileRef</key>
			<string>00AEEE9419931D4B00D9A741</string>
			<key>isa</key>
			<string>PBXBuildFile</string>
		</dict>
		<key>00AEEEBC19931D4B00D9A741</key>
		<dict>
			<key>fileRef</key>
			<string>00AEEE9619931D4B00D9A741</string>
			<key>isa</key>
			<string>PBXBuildFile</string>
		</dict>
		<key>00AEEEBD19931D4B00D9A741</key>
		<dict>
			<key>fileRef</key>
			<string>00AEEE9819931D4B00D9A741</string>
			<key>isa</key>
			<string>PBXBuildFile</string>
		</dict>
		<key>00AEEEBE19931D4B00D9A741</key>
		<dict>
			<key>fileRef</key>
			<string>00AEEE9A19931D4B00D9A741</string>
			<key>isa</key>
			<string>PBXBuildFile</string>
		</dict>
		<key>00AEEEBF19931D4B00D9A741</key>
		<dict>
			<key>fileRef</key>
			<string>00AEEE9C19931D4B00D9A741</string>
			<key>isa</key>
			<string>PBXBuildFile</string>
		</dict>
		<key>00AEEEC019931D4B00D9A741</key>
		<dict>
			<key>fileRef</key>
			<string>00AEEE9E19931D4B00D9A741</string>
			<key>isa</key>
			<string>PBXBuildFile</string>
		</dict>
		<key>00AEEEC119931D4B00D9A741</key>
		<dict>
			<key>fileRef</key>
			<string>00AEEEA019931D4B00D9A741</string>
			<key>isa</key>
			<string>PBXBuildFile</string>
		</dict>
		<key>00AEEEC419931D4B00D9A741</key>
		<dict>
			<key>fileRef</key>
			<string>00AEEEA819931D4B00D9A741</string>
			<key>isa</key>
			<string>PBXBuildFile</string>
		</dict>
		<key>00AEEEC519931D4B00D9A741</key>
		<dict>
			<key>fileRef</key>
			<string>00AEEEAA19931D4B00D9A741</string>
			<key>isa</key>
			<string>PBXBuildFile</string>
		</dict>
		<key>00AEEEC819931D4B00D9A741</key>
		<dict>
			<key>fileRef</key>
			<string>00AEEEB019931D4B00D9A741</string>
			<key>isa</key>
			<string>PBXBuildFile</string>
		</dict>
		<key>00AEEEC919931D4B00D9A741</key>
		<dict>
			<key>fileRef</key>
			<string>00AEEEB219931D4B00D9A741</string>
			<key>isa</key>
			<string>PBXBuildFile</string>
		</dict>
		<key>00AEEECA19931D4B00D9A741</key>
		<dict>
			<key>fileRef</key>
			<string>00AEEEB419931D4B00D9A741</string>
			<key>isa</key>
			<string>PBXBuildFile</string>
		</dict>
		<key>00AEEECC19931D4B00D9A741</key>
		<dict>
			<key>fileRef</key>
			<string>00AEEEB919931D4B00D9A741</string>
			<key>isa</key>
			<string>PBXBuildFile</string>
		</dict>
		<key>00AEEECD199320FB00D9A741</key>
		<dict>
			<key>isa</key>
			<string>PBXFileReference</string>
			<key>lastKnownFileType</key>
			<string>text</string>
			<key>path</key>
			<string>GRUnit.podspec</string>
			<key>sourceTree</key>
			<string>&lt;group&gt;</string>
		</dict>
		<key>00AEEECE199320FB00D9A741</key>
		<dict>
			<key>isa</key>
			<string>PBXFileReference</string>
			<key>lastKnownFileType</key>
			<string>text</string>
			<key>path</key>
			<string>Podfile</string>
			<key>sourceTree</key>
			<string>&lt;group&gt;</string>
		</dict>
		<key>00AEEECF199320FB00D9A741</key>
		<dict>
			<key>isa</key>
			<string>PBXFileReference</string>
			<key>lastKnownFileType</key>
			<string>net.daringfireball.markdown</string>
			<key>path</key>
			<string>README.md</string>
			<key>sourceTree</key>
			<string>&lt;group&gt;</string>
		</dict>
		<key>00AEEED01993214900D9A741</key>
		<dict>
			<key>children</key>
			<array>
				<string>00AEEED11993214900D9A741</string>
				<string>00AEEED81993214900D9A741</string>
			</array>
			<key>isa</key>
			<string>PBXGroup</string>
			<key>path</key>
			<string>Libraries</string>
			<key>sourceTree</key>
			<string>&lt;group&gt;</string>
		</dict>
		<key>00AEEED11993214900D9A741</key>
		<dict>
			<key>children</key>
			<array>
				<string>00AEEED21993214900D9A741</string>
				<string>00AEEED71993214900D9A741</string>
			</array>
			<key>isa</key>
			<string>PBXGroup</string>
			<key>path</key>
			<string>GTM</string>
			<key>sourceTree</key>
			<string>&lt;group&gt;</string>
		</dict>
		<key>00AEEED21993214900D9A741</key>
		<dict>
			<key>children</key>
			<array>
				<string>00AEEED31993214900D9A741</string>
				<string>00AEEED41993214900D9A741</string>
				<string>00AEEED51993214900D9A741</string>
				<string>00AEEED61993214900D9A741</string>
			</array>
			<key>isa</key>
			<string>PBXGroup</string>
			<key>path</key>
			<string>Foundation</string>
			<key>sourceTree</key>
			<string>&lt;group&gt;</string>
		</dict>
		<key>00AEEED31993214900D9A741</key>
		<dict>
			<key>fileEncoding</key>
			<string>4</string>
			<key>isa</key>
			<string>PBXFileReference</string>
			<key>lastKnownFileType</key>
			<string>sourcecode.c.h</string>
			<key>path</key>
			<string>GTMNSString+XML.h</string>
			<key>sourceTree</key>
			<string>&lt;group&gt;</string>
		</dict>
		<key>00AEEED41993214900D9A741</key>
		<dict>
			<key>fileEncoding</key>
			<string>4</string>
			<key>isa</key>
			<string>PBXFileReference</string>
			<key>lastKnownFileType</key>
			<string>sourcecode.c.objc</string>
			<key>path</key>
			<string>GTMNSString+XML.m</string>
			<key>sourceTree</key>
			<string>&lt;group&gt;</string>
		</dict>
		<key>00AEEED51993214900D9A741</key>
		<dict>
			<key>fileEncoding</key>
			<string>4</string>
			<key>isa</key>
			<string>PBXFileReference</string>
			<key>lastKnownFileType</key>
			<string>sourcecode.c.h</string>
			<key>path</key>
			<string>GTMObjC2Runtime.h</string>
			<key>sourceTree</key>
			<string>&lt;group&gt;</string>
		</dict>
		<key>00AEEED61993214900D9A741</key>
		<dict>
			<key>fileEncoding</key>
			<string>4</string>
			<key>isa</key>
			<string>PBXFileReference</string>
			<key>lastKnownFileType</key>
			<string>sourcecode.c.objc</string>
			<key>path</key>
			<string>GTMObjC2Runtime.m</string>
			<key>sourceTree</key>
			<string>&lt;group&gt;</string>
		</dict>
		<key>00AEEED71993214900D9A741</key>
		<dict>
			<key>fileEncoding</key>
			<string>4</string>
			<key>isa</key>
			<string>PBXFileReference</string>
			<key>lastKnownFileType</key>
			<string>sourcecode.c.h</string>
			<key>path</key>
			<string>GTMDefines.h</string>
			<key>sourceTree</key>
			<string>&lt;group&gt;</string>
		</dict>
		<key>00AEEED81993214900D9A741</key>
		<dict>
			<key>fileEncoding</key>
			<string>4</string>
			<key>isa</key>
			<string>PBXFileReference</string>
			<key>lastKnownFileType</key>
			<string>net.daringfireball.markdown</string>
			<key>path</key>
			<string>README.md</string>
			<key>sourceTree</key>
			<string>&lt;group&gt;</string>
		</dict>
		<key>00AEEED91993214900D9A741</key>
		<dict>
			<key>fileRef</key>
			<string>00AEEED41993214900D9A741</string>
			<key>isa</key>
			<string>PBXBuildFile</string>
		</dict>
		<key>00AEEEDA1993214900D9A741</key>
		<dict>
			<key>fileRef</key>
			<string>00AEEED61993214900D9A741</string>
			<key>isa</key>
			<string>PBXBuildFile</string>
		</dict>
		<key>00AEEEDE199323D300D9A741</key>
		<dict>
			<key>fileEncoding</key>
			<string>4</string>
			<key>isa</key>
			<string>PBXFileReference</string>
			<key>lastKnownFileType</key>
			<string>sourcecode.c.objc</string>
			<key>name</key>
			<string>GHDispatchTest.m</string>
			<key>path</key>
			<string>Tests/GHDispatchTest.m</string>
			<key>sourceTree</key>
			<string>&lt;group&gt;</string>
		</dict>
		<key>00AEEEDF199323D300D9A741</key>
		<dict>
			<key>fileEncoding</key>
			<string>4</string>
			<key>isa</key>
			<string>PBXFileReference</string>
			<key>lastKnownFileType</key>
			<string>sourcecode.c.objc</string>
			<key>name</key>
			<string>GHSlowTest.m</string>
			<key>path</key>
			<string>Tests/GHSlowTest.m</string>
			<key>sourceTree</key>
			<string>&lt;group&gt;</string>
		</dict>
		<key>00AEEEE0199323D300D9A741</key>
		<dict>
			<key>fileEncoding</key>
			<string>4</string>
			<key>isa</key>
			<string>PBXFileReference</string>
			<key>lastKnownFileType</key>
			<string>sourcecode.c.objc</string>
			<key>name</key>
			<string>GHTestEmpty.m</string>
			<key>path</key>
			<string>Tests/GHTestEmpty.m</string>
			<key>sourceTree</key>
			<string>&lt;group&gt;</string>
		</dict>
		<key>00AEEEE1199323D300D9A741</key>
		<dict>
			<key>fileEncoding</key>
			<string>4</string>
			<key>isa</key>
			<string>PBXFileReference</string>
			<key>lastKnownFileType</key>
			<string>sourcecode.c.objc</string>
			<key>name</key>
			<string>GHTestException.m</string>
			<key>path</key>
			<string>Tests/GHTestException.m</string>
			<key>sourceTree</key>
			<string>&lt;group&gt;</string>
		</dict>
		<key>00AEEEE2199323D300D9A741</key>
		<dict>
			<key>fileEncoding</key>
			<string>4</string>
			<key>isa</key>
			<string>PBXFileReference</string>
			<key>lastKnownFileType</key>
			<string>sourcecode.c.objc</string>
			<key>name</key>
			<string>GHTestFail.m</string>
			<key>path</key>
			<string>Tests/GHTestFail.m</string>
			<key>sourceTree</key>
			<string>&lt;group&gt;</string>
		</dict>
		<key>00AEEEE3199323D300D9A741</key>
		<dict>
			<key>fileEncoding</key>
			<string>4</string>
			<key>isa</key>
			<string>PBXFileReference</string>
			<key>lastKnownFileType</key>
			<string>sourcecode.c.objc</string>
			<key>name</key>
			<string>GHTestLogTest.m</string>
			<key>path</key>
			<string>Tests/GHTestLogTest.m</string>
			<key>sourceTree</key>
			<string>&lt;group&gt;</string>
		</dict>
		<key>00AEEEE4199323D300D9A741</key>
		<dict>
			<key>fileEncoding</key>
			<string>4</string>
			<key>isa</key>
			<string>PBXFileReference</string>
			<key>lastKnownFileType</key>
			<string>sourcecode.c.objc</string>
			<key>name</key>
			<string>GHTestMacrosTest.m</string>
			<key>path</key>
			<string>Tests/GHTestMacrosTest.m</string>
			<key>sourceTree</key>
			<string>&lt;group&gt;</string>
		</dict>
		<key>00AEEEE5199323D300D9A741</key>
		<dict>
			<key>fileEncoding</key>
			<string>4</string>
			<key>isa</key>
			<string>PBXFileReference</string>
			<key>lastKnownFileType</key>
			<string>sourcecode.c.objc</string>
			<key>name</key>
			<string>GHTestOnMainThread.m</string>
			<key>path</key>
			<string>Tests/GHTestOnMainThread.m</string>
			<key>sourceTree</key>
			<string>&lt;group&gt;</string>
		</dict>
		<key>00AEEEE9199323D300D9A741</key>
		<dict>
			<key>fileRef</key>
			<string>00AEEEDE199323D300D9A741</string>
			<key>isa</key>
			<string>PBXBuildFile</string>
		</dict>
		<key>00AEEEEA199323D300D9A741</key>
		<dict>
			<key>fileRef</key>
			<string>00AEEEDF199323D300D9A741</string>
			<key>isa</key>
			<string>PBXBuildFile</string>
		</dict>
		<key>00AEEEEB199323D300D9A741</key>
		<dict>
			<key>fileRef</key>
			<string>00AEEEE0199323D300D9A741</string>
			<key>isa</key>
			<string>PBXBuildFile</string>
		</dict>
		<key>00AEEEEC199323D300D9A741</key>
		<dict>
			<key>fileRef</key>
			<string>00AEEEE1199323D300D9A741</string>
			<key>isa</key>
			<string>PBXBuildFile</string>
		</dict>
		<key>00AEEEED199323D300D9A741</key>
		<dict>
			<key>fileRef</key>
			<string>00AEEEE2199323D300D9A741</string>
			<key>isa</key>
			<string>PBXBuildFile</string>
		</dict>
		<key>00AEEEEE199323D300D9A741</key>
		<dict>
			<key>fileRef</key>
			<string>00AEEEE3199323D300D9A741</string>
			<key>isa</key>
			<string>PBXBuildFile</string>
		</dict>
		<key>00AEEEEF199323D300D9A741</key>
		<dict>
			<key>fileRef</key>
			<string>00AEEEE4199323D300D9A741</string>
			<key>isa</key>
			<string>PBXBuildFile</string>
		</dict>
		<key>00AEEEF0199323D300D9A741</key>
		<dict>
			<key>fileRef</key>
			<string>00AEEEE5199323D300D9A741</string>
			<key>isa</key>
			<string>PBXBuildFile</string>
		</dict>
		<key>00AEEEF3199324B500D9A741</key>
		<dict>
			<key>fileEncoding</key>
			<string>4</string>
			<key>isa</key>
			<string>PBXFileReference</string>
			<key>lastKnownFileType</key>
			<string>sourcecode.c.h</string>
			<key>path</key>
			<string>GRUnitIOSTestViewController.h</string>
			<key>sourceTree</key>
			<string>&lt;group&gt;</string>
		</dict>
		<key>00AEEEF4199324B500D9A741</key>
		<dict>
			<key>fileEncoding</key>
			<string>4</string>
			<key>isa</key>
			<string>PBXFileReference</string>
			<key>lastKnownFileType</key>
			<string>sourcecode.c.objc</string>
			<key>path</key>
			<string>GHRnitIOSTestViewController.m</string>
			<key>sourceTree</key>
			<string>&lt;group&gt;</string>
		</dict>
		<key>00AEEEF5199324B500D9A741</key>
		<dict>
			<key>fileRef</key>
			<string>00AEEEF4199324B500D9A741</string>
			<key>isa</key>
			<string>PBXBuildFile</string>
		</dict>
		<key>00AEEEF6199324DA00D9A741</key>
		<dict>
			<key>fileEncoding</key>
			<string>4</string>
			<key>isa</key>
			<string>PBXFileReference</string>
			<key>lastKnownFileType</key>
			<string>sourcecode.c.h</string>
			<key>path</key>
			<string>GRUnitIOSTestView.h</string>
			<key>sourceTree</key>
			<string>&lt;group&gt;</string>
		</dict>
		<key>00AEEEF7199324DA00D9A741</key>
		<dict>
			<key>fileEncoding</key>
			<string>4</string>
			<key>isa</key>
			<string>PBXFileReference</string>
			<key>lastKnownFileType</key>
			<string>sourcecode.c.objc</string>
			<key>path</key>
			<string>GRUnitIOSTestView.m</string>
			<key>sourceTree</key>
			<string>&lt;group&gt;</string>
		</dict>
		<key>00AEEEF8199324DA00D9A741</key>
		<dict>
			<key>fileRef</key>
			<string>00AEEEF7199324DA00D9A741</string>
			<key>isa</key>
			<string>PBXBuildFile</string>
		</dict>
		<key>04D4EC4970724839A5F222F3</key>
		<dict>
			<key>fileRef</key>
			<string>00AEEED61993214900D9A741</string>
			<key>isa</key>
			<string>PBXBuildFile</string>
		</dict>
		<key>1295BFA4CE5846009F5F88DD</key>
		<dict>
			<key>buildConfigurations</key>
			<array>
				<string>F87C2A2E2ECF488E988705E8</string>
				<string>8AF8F712AF0F4B3EA551582C</string>
			</array>
			<key>defaultConfigurationIsVisible</key>
			<string>0</string>
			<key>defaultConfigurationName</key>
			<string>Release</string>
			<key>isa</key>
			<string>XCConfigurationList</string>
		</dict>
		<key>2921A37B9F0844BB8C214647</key>
		<dict>
			<key>buildActionMask</key>
			<string>2147483647</string>
			<key>files</key>
			<array/>
			<key>inputPaths</key>
			<array/>
			<key>isa</key>
			<string>PBXShellScriptBuildPhase</string>
			<key>name</key>
			<string>Run Tests (CLI)</string>
			<key>outputPaths</key>
			<array/>
			<key>runOnlyForDeploymentPostprocessing</key>
			<string>0</string>
			<key>shellPath</key>
			<string>/bin/sh</string>
			<key>shellScript</key>
			<string>sh Tests/RunTests.sh</string>
			<key>showEnvVarsInLog</key>
			<string>1</string>
		</dict>
		<key>2A4601BD20C54DD59D49DF66</key>
		<dict>
			<key>fileRef</key>
			<string>00AEEE9A19931D4B00D9A741</string>
			<key>isa</key>
			<string>PBXBuildFile</string>
		</dict>
		<key>2D905A237771403A9818A7FE</key>
		<dict>
			<key>fileRef</key>
			<string>00AEEE9C19931D4B00D9A741</string>
			<key>isa</key>
			<string>PBXBuildFile</string>
		</dict>
		<key>2EDF817655D94D90BA4CBA31</key>
		<dict>
			<key>fileRef</key>
			<string>00AEEE9419931D4B00D9A741</string>
			<key>isa</key>
			<string>PBXBuildFile</string>
		</dict>
		<key>390E6E7931E94C0A9DFA7D75</key>
		<dict>
			<key>fileRef</key>
			<string>00AEEED41993214900D9A741</string>
			<key>isa</key>
			<string>PBXBuildFile</string>
		</dict>
		<key>3F8D234A06ED458286F13080</key>
		<dict>
			<key>buildConfigurationList</key>
			<string>1295BFA4CE5846009F5F88DD</string>
			<key>buildPhases</key>
			<array>
				<string>8F68366136C049849153469E</string>
				<string>78BAF513796E4866B16747DD</string>
				<string>779FF4E15652472F8BADB5CA</string>
				<string>2921A37B9F0844BB8C214647</string>
			</array>
			<key>buildRules</key>
			<array/>
			<key>dependencies</key>
			<array>
				<string>C0664D9ACFCA4B90B68EF133</string>
			</array>
			<key>isa</key>
			<string>PBXNativeTarget</string>
			<key>name</key>
			<string>Tests</string>
			<key>productName</key>
			<string>Tests</string>
			<key>productReference</key>
			<string>9C17B671E89F4CE59E2D5FF7</string>
			<key>productType</key>
			<string>com.apple.product-type.application</string>
		</dict>
		<key>41834EE03E1445E39134F815</key>
		<dict>
			<key>fileRef</key>
			<string>00AEEEAA19931D4B00D9A741</string>
			<key>isa</key>
			<string>PBXBuildFile</string>
		</dict>
		<key>4198129DC0EA4C3187AA7838</key>
		<dict>
			<key>fileRef</key>
			<string>00AEEEB019931D4B00D9A741</string>
			<key>isa</key>
			<string>PBXBuildFile</string>
		</dict>
		<key>45849F6F5E634731B932B413</key>
		<dict>
			<key>fileRef</key>
			<string>00AEEEB219931D4B00D9A741</string>
			<key>isa</key>
			<string>PBXBuildFile</string>
		</dict>
		<key>5A7246BB8F7246808DD08FFE</key>
		<dict>
			<key>fileRef</key>
			<string>00AEEE9219931D4B00D9A741</string>
			<key>isa</key>
			<string>PBXBuildFile</string>
		</dict>
		<key>6AF806EDEEFD4695A7A7CE9E</key>
		<dict>
			<key>children</key>
			<array>
				<string>FE0A6EB0F49947DBBA4952A3</string>
			</array>
			<key>isa</key>
			<string>PBXGroup</string>
			<key>name</key>
			<string>iOS</string>
			<key>sourceTree</key>
			<string>&lt;group&gt;</string>
		</dict>
		<key>779FF4E15652472F8BADB5CA</key>
		<dict>
			<key>buildActionMask</key>
			<string>2147483647</string>
			<key>files</key>
			<array/>
			<key>isa</key>
			<string>PBXResourcesBuildPhase</string>
			<key>runOnlyForDeploymentPostprocessing</key>
			<string>0</string>
		</dict>
		<key>78BAF513796E4866B16747DD</key>
		<dict>
			<key>buildActionMask</key>
			<string>2147483647</string>
			<key>files</key>
			<array>
				<string>E90C7246973B46699D2690F2</string>
			</array>
			<key>isa</key>
			<string>PBXFrameworksBuildPhase</string>
			<key>runOnlyForDeploymentPostprocessing</key>
			<string>0</string>
		</dict>
		<key>79F134A9B641450AA23AD5B8</key>
		<dict>
			<key>children</key>
			<array>
				<string>6AF806EDEEFD4695A7A7CE9E</string>
			</array>
			<key>isa</key>
			<string>PBXGroup</string>
			<key>name</key>
			<string>Frameworks</string>
			<key>sourceTree</key>
			<string>&lt;group&gt;</string>
		</dict>
		<key>7CFD8EDFC88846F8ACCED3C1</key>
		<dict>
			<key>children</key>
			<array>
				<string>00AEEEDE199323D300D9A741</string>
				<string>00AEEEDF199323D300D9A741</string>
				<string>00AEEEE0199323D300D9A741</string>
				<string>00AEEEE1199323D300D9A741</string>
				<string>00AEEEE2199323D300D9A741</string>
				<string>00AEEEE3199323D300D9A741</string>
				<string>00AEEEE4199323D300D9A741</string>
				<string>00AEEEE5199323D300D9A741</string>
				<string>A9C69C0CB44D4F0B8679B070</string>
			</array>
			<key>isa</key>
			<string>PBXGroup</string>
			<key>name</key>
			<string>Tests</string>
			<key>sourceTree</key>
			<string>&lt;group&gt;</string>
		</dict>
		<key>8AF8F712AF0F4B3EA551582C</key>
		<dict>
			<key>buildSettings</key>
			<dict>
				<key>ALWAYS_SEARCH_USER_PATHS</key>
				<string>NO</string>
				<key>COPY_PHASE_STRIP</key>
				<string>NO</string>
				<key>DSTROOT</key>
				<string>/tmp/xcodeproj.dst</string>
				<key>GCC_C_LANGUAGE_STANDARD</key>
				<string>gnu99</string>
				<key>GCC_DYNAMIC_NO_PIC</key>
				<string>NO</string>
				<key>GCC_OPTIMIZATION_LEVEL</key>
				<string>0</string>
				<key>GCC_PRECOMPILE_PREFIX_HEADER</key>
				<string>YES</string>
				<key>GCC_PREPROCESSOR_DEFINITIONS</key>
				<array>
					<string>DEBUG=1</string>
					<string>$(inherited)</string>
				</array>
				<key>GCC_SYMBOLS_PRIVATE_EXTERN</key>
				<string>NO</string>
				<key>GCC_VERSION</key>
				<string>com.apple.compilers.llvm.clang.1_0</string>
				<key>INFOPLIST_FILE</key>
				<string>Tests/Tests-Info.plist</string>
				<key>INSTALL_PATH</key>
				<string>$(BUILT_PRODUCTS_DIR)</string>
				<key>IPHONEOS_DEPLOYMENT_TARGET</key>
				<string>7.0</string>
				<key>PRODUCT_NAME</key>
				<string>$(TARGET_NAME)</string>
				<key>PUBLIC_HEADERS_FOLDER_PATH</key>
				<string>$(TARGET_NAME)</string>
				<key>SDKROOT</key>
				<string>iphoneos</string>
				<key>SKIP_INSTALL</key>
				<string>YES</string>
			</dict>
			<key>isa</key>
			<string>XCBuildConfiguration</string>
			<key>name</key>
			<string>Debug</string>
		</dict>
		<key>8F68366136C049849153469E</key>
		<dict>
			<key>buildActionMask</key>
			<string>2147483647</string>
			<key>files</key>
			<array>
				<string>00AEEEEB199323D300D9A741</string>
				<string>00AEEEED199323D300D9A741</string>
				<string>00AEEEE9199323D300D9A741</string>
				<string>00AEEEEE199323D300D9A741</string>
				<string>00AEEEF0199323D300D9A741</string>
				<string>B5C271A4A0064D3AB0A02C64</string>
				<string>00AEEEEF199323D300D9A741</string>
				<string>00AEEEEC199323D300D9A741</string>
				<string>00AEEEEA199323D300D9A741</string>
				<string>CF84D44CC129436D96277332</string>
				<string>F6BABC7A3D4B4F3998CC58C0</string>
				<string>2D905A237771403A9818A7FE</string>
				<string>41834EE03E1445E39134F815</string>
				<string>DECCB7B2324B4172A37FB9A3</string>
				<string>D2314541228F4ED6AA5BE579</string>
				<string>2EDF817655D94D90BA4CBA31</string>
				<string>AF0B99CEC7814BBEB88392C0</string>
				<string>FF186AFBBCDC4FEABD67AE98</string>
				<string>5A7246BB8F7246808DD08FFE</string>
				<string>4198129DC0EA4C3187AA7838</string>
				<string>BAD06DA80253429AA5AEE9A4</string>
				<string>B3FD7F6A594E4A228A0B2DE4</string>
				<string>F278C7B6C7BF4DC58BF50017</string>
				<string>04D4EC4970724839A5F222F3</string>
				<string>45849F6F5E634731B932B413</string>
				<string>2A4601BD20C54DD59D49DF66</string>
				<string>390E6E7931E94C0A9DFA7D75</string>
			</array>
			<key>isa</key>
			<string>PBXSourcesBuildPhase</string>
			<key>runOnlyForDeploymentPostprocessing</key>
			<string>0</string>
		</dict>
		<key>9C17B671E89F4CE59E2D5FF7</key>
		<dict>
			<key>explicitFileType</key>
			<string>wrapper.application</string>
			<key>includeInIndex</key>
			<string>0</string>
			<key>isa</key>
			<string>PBXFileReference</string>
			<key>path</key>
			<string>Tests.app</string>
			<key>sourceTree</key>
			<string>BUILT_PRODUCTS_DIR</string>
		</dict>
		<key>A9C69C0CB44D4F0B8679B070</key>
		<dict>
			<key>includeInIndex</key>
			<string>1</string>
			<key>isa</key>
			<string>PBXFileReference</string>
			<key>lastKnownFileType</key>
			<string>sourcecode.c.objc</string>
			<key>name</key>
			<string>main.m</string>
			<key>path</key>
			<string>Tests/main.m</string>
			<key>sourceTree</key>
			<string>&lt;group&gt;</string>
		</dict>
		<key>AF0B99CEC7814BBEB88392C0</key>
		<dict>
			<key>fileRef</key>
			<string>00AEEEA819931D4B00D9A741</string>
			<key>isa</key>
			<string>PBXBuildFile</string>
		</dict>
		<key>B3FD7F6A594E4A228A0B2DE4</key>
		<dict>
			<key>fileRef</key>
			<string>00AEEE9E19931D4B00D9A741</string>
			<key>isa</key>
			<string>PBXBuildFile</string>
		</dict>
		<key>B5C271A4A0064D3AB0A02C64</key>
		<dict>
			<key>fileRef</key>
			<string>A9C69C0CB44D4F0B8679B070</string>
			<key>isa</key>
			<string>PBXBuildFile</string>
		</dict>
		<key>BAD06DA80253429AA5AEE9A4</key>
		<dict>
			<key>fileRef</key>
			<string>00AEEEF7199324DA00D9A741</string>
			<key>isa</key>
			<string>PBXBuildFile</string>
		</dict>
		<key>C0664D9ACFCA4B90B68EF133</key>
		<dict>
			<key>isa</key>
			<string>PBXTargetDependency</string>
			<key>target</key>
			<string>00AEEE7819931CBC00D9A741</string>
			<key>targetProxy</key>
			<string>E008CF0E43C6426DA8785C67</string>
		</dict>
		<key>CF84D44CC129436D96277332</key>
		<dict>
			<key>fileRef</key>
			<string>00AEEEB919931D4B00D9A741</string>
			<key>isa</key>
			<string>PBXBuildFile</string>
		</dict>
		<key>D2314541228F4ED6AA5BE579</key>
		<dict>
			<key>fileRef</key>
			<string>00AEEEA019931D4B00D9A741</string>
			<key>isa</key>
			<string>PBXBuildFile</string>
		</dict>
		<key>DECCB7B2324B4172A37FB9A3</key>
		<dict>
			<key>fileRef</key>
			<string>00AEEE9619931D4B00D9A741</string>
			<key>isa</key>
			<string>PBXBuildFile</string>
		</dict>
		<key>E008CF0E43C6426DA8785C67</key>
		<dict>
			<key>containerPortal</key>
			<string>00AEEE7119931CBC00D9A741</string>
			<key>isa</key>
			<string>PBXContainerItemProxy</string>
			<key>proxyType</key>
			<string>1</string>
			<key>remoteGlobalIDString</key>
			<string>00AEEE7819931CBC00D9A741</string>
			<key>remoteInfo</key>
			<string>GRUnit</string>
		</dict>
		<key>E90C7246973B46699D2690F2</key>
		<dict>
			<key>fileRef</key>
			<string>FE0A6EB0F49947DBBA4952A3</string>
			<key>isa</key>
			<string>PBXBuildFile</string>
		</dict>
		<key>F278C7B6C7BF4DC58BF50017</key>
		<dict>
			<key>fileRef</key>
			<string>00AEEEB419931D4B00D9A741</string>
			<key>isa</key>
			<string>PBXBuildFile</string>
		</dict>
		<key>F6BABC7A3D4B4F3998CC58C0</key>
		<dict>
			<key>fileRef</key>
			<string>00AEEEF4199324B500D9A741</string>
			<key>isa</key>
			<string>PBXBuildFile</string>
		</dict>
		<key>F87C2A2E2ECF488E988705E8</key>
		<dict>
			<key>buildSettings</key>
			<dict>
				<key>ALWAYS_SEARCH_USER_PATHS</key>
				<string>NO</string>
				<key>COPY_PHASE_STRIP</key>
				<string>YES</string>
				<key>DSTROOT</key>
				<string>/tmp/xcodeproj.dst</string>
				<key>GCC_C_LANGUAGE_STANDARD</key>
				<string>gnu99</string>
				<key>GCC_PRECOMPILE_PREFIX_HEADER</key>
				<string>YES</string>
				<key>GCC_VERSION</key>
				<string>com.apple.compilers.llvm.clang.1_0</string>
				<key>INFOPLIST_FILE</key>
				<string>Tests/Tests-Info.plist</string>
				<key>INSTALL_PATH</key>
				<string>$(BUILT_PRODUCTS_DIR)</string>
				<key>IPHONEOS_DEPLOYMENT_TARGET</key>
				<string>7.0</string>
				<key>OTHER_CFLAGS</key>
				<array>
					<string>-DNS_BLOCK_ASSERTIONS=1</string>
					<string>$(inherited)</string>
				</array>
				<key>OTHER_CPLUSPLUSFLAGS</key>
				<array>
					<string>-DNS_BLOCK_ASSERTIONS=1</string>
					<string>$(inherited)</string>
				</array>
				<key>PRODUCT_NAME</key>
				<string>$(TARGET_NAME)</string>
				<key>PUBLIC_HEADERS_FOLDER_PATH</key>
				<string>$(TARGET_NAME)</string>
				<key>SDKROOT</key>
				<string>iphoneos</string>
				<key>SKIP_INSTALL</key>
				<string>YES</string>
				<key>VALIDATE_PRODUCT</key>
				<string>YES</string>
			</dict>
			<key>isa</key>
			<string>XCBuildConfiguration</string>
			<key>name</key>
			<string>Release</string>
		</dict>
		<key>FE0A6EB0F49947DBBA4952A3</key>
		<dict>
			<key>isa</key>
			<string>PBXFileReference</string>
			<key>lastKnownFileType</key>
			<string>wrapper.framework</string>
			<key>name</key>
			<string>Foundation.framework</string>
			<key>path</key>
			<string>Platforms/iPhoneOS.platform/Developer/SDKs/iPhoneOS7.1.sdk/System/Library/Frameworks/Foundation.framework</string>
			<key>sourceTree</key>
			<string>DEVELOPER_DIR</string>
		</dict>
		<key>FF186AFBBCDC4FEABD67AE98</key>
		<dict>
			<key>fileRef</key>
			<string>00AEEE9819931D4B00D9A741</string>
			<key>isa</key>
			<string>PBXBuildFile</string>
		</dict>
	</dict>
	<key>rootObject</key>
	<string>00AEEE7119931CBC00D9A741</string>
</dict>
</plist>
